
Microsoft Visual Studio Solution File, Format Version 12.00
# Visual Studio Version 17
VisualStudioVersion = 17.11.35222.181
MinimumVisualStudioVersion = 10.0.40219.1
Project("{FAE04EC0-301F-11D3-BF4B-00C04F79EFBC}") = "EnumerationTask", "EnumerationTask.csproj", "{804CEB87-054C-4B10-B011-72D035B09F6C}"
EndProject
Global
	GlobalSection(SolutionConfigurationPlatforms) = preSolution
		Debug|Any CPU = Debug|Any CPU
		Release|Any CPU = Release|Any CPU
	EndGlobalSection
	GlobalSection(ProjectConfigurationPlatforms) = postSolution
		{804CEB87-054C-4B10-B011-72D035B09F6C}.Debug|Any CPU.ActiveCfg = Debug|Any CPU
		{804CEB87-054C-4B10-B011-72D035B09F6C}.Debug|Any CPU.Build.0 = Debug|Any CPU
		{804CEB87-054C-4B10-B011-72D035B09F6C}.Release|Any CPU.ActiveCfg = Release|Any CPU
		{804CEB87-054C-4B10-B011-72D035B09F6C}.Release|Any CPU.Build.0 = Release|Any CPU
	EndGlobalSection
	GlobalSection(SolutionProperties) = preSolution
		HideSolutionNode = FALSE
	EndGlobalSection
	GlobalSection(ExtensibilityGlobals) = postSolution
		SolutionGuid = {DF685E40-7AC0-4808-9BE4-73FE514764DF}
	EndGlobalSection
EndGlobal
